
Microsoft Visual Studio Solution File, Format Version 12.00
# Visual Studio Version 17
VisualStudioVersion = 17.0.31903.59
MinimumVisualStudioVersion = 10.0.40219.1
Project("{9A19103F-16F7-4668-BE54-9A1E7A4F7556}") = "FancyWM", "FancyWM\FancyWM.csproj", "{C8D43D81-A4CD-4646-8011-751C8DC39559}"
EndProject
Project("{9A19103F-16F7-4668-BE54-9A1E7A4F7556}") = "FancyWM.Layouts", "FancyWM.Layouts\FancyWM.Layouts.csproj", "{35446F2D-16D7-4F08-8F4E-7F05D07F7797}"
EndProject
Project("{2150E333-8FDC-42A3-9474-1A3956D46DE8}") = "Solution Items", "Solution Items", "{C384F727-2968-46AB-AA28-F12848BF6E5E}"
	ProjectSection(SolutionItems) = preProject
		.editorconfig = .editorconfig
	EndProjectSection
EndProject
Project("{9A19103F-16F7-4668-BE54-9A1E7A4F7556}") = "FancyWM.DllImports", "FancyWM.DllImports\FancyWM.DllImports.csproj", "{13C6A24D-2506-4E07-8114-FA2032EF9A4D}"
EndProject
Project("{9A19103F-16F7-4668-BE54-9A1E7A4F7556}") = "FancyWM.Tests", "FancyWM.Tests\FancyWM.Tests.csproj", "{614A8123-D59F-4D1E-82A4-C622EAE601CE}"
EndProject
Project("{9A19103F-16F7-4668-BE54-9A1E7A4F7556}") = "FancyWM.Layouts.Tests", "FancyWM.Layouts.Tests\FancyWM.Layouts.Tests.csproj", "{BC760B10-7E06-43B5-8845-27837BA8797A}"
EndProject
Project("{9A19103F-16F7-4668-BE54-9A1E7A4F7556}") = "WinMan", "winman\src\WinMan\WinMan.csproj", "{E18F1822-30EA-4C74-9F0C-DCFE85B3AF69}"
EndProject
Project("{9A19103F-16F7-4668-BE54-9A1E7A4F7556}") = "WinMan.Windows", "winman-windows\src\WinMan.Windows\WinMan.Windows.csproj", "{D2B60433-9197-4308-B3A0-65B2571D844C}"
EndProject
Project("{9A19103F-16F7-4668-BE54-9A1E7A4F7556}") = "WinMan.Windows.DllImports", "winman-windows\src\WinMan.Windows.DllImports\WinMan.Windows.DllImports.csproj", "{DCF446E6-39E0-4048-81F6-25C99C633F54}"
EndProject
Project("{9A19103F-16F7-4668-BE54-9A1E7A4F7556}") = "ModernWpf", "ModernWpf\ModernWpf\ModernWpf.csproj", "{FC48E089-6935-4547-930E-FE23D4AD7BE5}"
EndProject
Project("{C7167F0D-BC9F-4E6E-AFE1-012C56B48DB5}") = "FancyWM.Package", "FancyWM.Package\FancyWM.Package.wapproj", "{0536B61A-90CF-428D-B4F8-CF011B3A0830}"
EndProject
Project("{FAE04EC0-301F-11D3-BF4B-00C04F79EFBC}") = "FancyWM.CLI", "FancyWM.CLI\FancyWM.CLI.csproj", "{03851EC5-6CBE-4383-85F1-56E845C039DD}"
EndProject
Global
	GlobalSection(SolutionConfigurationPlatforms) = preSolution
		Debug|Any CPU = Debug|Any CPU
		Debug|ARM = Debug|ARM
		Debug|ARM64 = Debug|ARM64
		Debug|x64 = Debug|x64
		Debug|x86 = Debug|x86
		Release|Any CPU = Release|Any CPU
		Release|ARM = Release|ARM
		Release|ARM64 = Release|ARM64
		Release|x64 = Release|x64
		Release|x86 = Release|x86
	EndGlobalSection
	GlobalSection(ProjectConfigurationPlatforms) = postSolution
		{C8D43D81-A4CD-4646-8011-751C8DC39559}.Debug|Any CPU.ActiveCfg = Debug|Any CPU
		{C8D43D81-A4CD-4646-8011-751C8DC39559}.Debug|Any CPU.Build.0 = Debug|Any CPU
		{C8D43D81-A4CD-4646-8011-751C8DC39559}.Debug|ARM.ActiveCfg = Debug|Any CPU
		{C8D43D81-A4CD-4646-8011-751C8DC39559}.Debug|ARM.Build.0 = Debug|Any CPU
		{C8D43D81-A4CD-4646-8011-751C8DC39559}.Debug|ARM64.ActiveCfg = Debug|Any CPU
		{C8D43D81-A4CD-4646-8011-751C8DC39559}.Debug|ARM64.Build.0 = Debug|Any CPU
		{C8D43D81-A4CD-4646-8011-751C8DC39559}.Debug|x64.ActiveCfg = Debug|x64
		{C8D43D81-A4CD-4646-8011-751C8DC39559}.Debug|x64.Build.0 = Debug|x64
		{C8D43D81-A4CD-4646-8011-751C8DC39559}.Debug|x86.ActiveCfg = Debug|x86
		{C8D43D81-A4CD-4646-8011-751C8DC39559}.Debug|x86.Build.0 = Debug|x86
		{C8D43D81-A4CD-4646-8011-751C8DC39559}.Release|Any CPU.ActiveCfg = Release|Any CPU
		{C8D43D81-A4CD-4646-8011-751C8DC39559}.Release|Any CPU.Build.0 = Release|Any CPU
		{C8D43D81-A4CD-4646-8011-751C8DC39559}.Release|ARM.ActiveCfg = Release|Any CPU
		{C8D43D81-A4CD-4646-8011-751C8DC39559}.Release|ARM.Build.0 = Release|Any CPU
		{C8D43D81-A4CD-4646-8011-751C8DC39559}.Release|ARM64.ActiveCfg = Release|Any CPU
		{C8D43D81-A4CD-4646-8011-751C8DC39559}.Release|ARM64.Build.0 = Release|Any CPU
		{C8D43D81-A4CD-4646-8011-751C8DC39559}.Release|x64.ActiveCfg = Release|x64
		{C8D43D81-A4CD-4646-8011-751C8DC39559}.Release|x64.Build.0 = Release|x64
		{C8D43D81-A4CD-4646-8011-751C8DC39559}.Release|x86.ActiveCfg = Release|x86
		{C8D43D81-A4CD-4646-8011-751C8DC39559}.Release|x86.Build.0 = Release|x86
		{35446F2D-16D7-4F08-8F4E-7F05D07F7797}.Debug|Any CPU.ActiveCfg = Debug|Any CPU
		{35446F2D-16D7-4F08-8F4E-7F05D07F7797}.Debug|Any CPU.Build.0 = Debug|Any CPU
		{35446F2D-16D7-4F08-8F4E-7F05D07F7797}.Debug|ARM.ActiveCfg = Debug|Any CPU
		{35446F2D-16D7-4F08-8F4E-7F05D07F7797}.Debug|ARM.Build.0 = Debug|Any CPU
		{35446F2D-16D7-4F08-8F4E-7F05D07F7797}.Debug|ARM64.ActiveCfg = Debug|Any CPU
		{35446F2D-16D7-4F08-8F4E-7F05D07F7797}.Debug|ARM64.Build.0 = Debug|Any CPU
		{35446F2D-16D7-4F08-8F4E-7F05D07F7797}.Debug|x64.ActiveCfg = Debug|Any CPU
		{35446F2D-16D7-4F08-8F4E-7F05D07F7797}.Debug|x64.Build.0 = Debug|Any CPU
		{35446F2D-16D7-4F08-8F4E-7F05D07F7797}.Debug|x86.ActiveCfg = Debug|Any CPU
		{35446F2D-16D7-4F08-8F4E-7F05D07F7797}.Debug|x86.Build.0 = Debug|Any CPU
		{35446F2D-16D7-4F08-8F4E-7F05D07F7797}.Release|Any CPU.ActiveCfg = Release|Any CPU
		{35446F2D-16D7-4F08-8F4E-7F05D07F7797}.Release|Any CPU.Build.0 = Release|Any CPU
		{35446F2D-16D7-4F08-8F4E-7F05D07F7797}.Release|ARM.ActiveCfg = Release|Any CPU
		{35446F2D-16D7-4F08-8F4E-7F05D07F7797}.Release|ARM.Build.0 = Release|Any CPU
		{35446F2D-16D7-4F08-8F4E-7F05D07F7797}.Release|ARM64.ActiveCfg = Release|Any CPU
		{35446F2D-16D7-4F08-8F4E-7F05D07F7797}.Release|ARM64.Build.0 = Release|Any CPU
		{35446F2D-16D7-4F08-8F4E-7F05D07F7797}.Release|x64.ActiveCfg = Release|Any CPU
		{35446F2D-16D7-4F08-8F4E-7F05D07F7797}.Release|x64.Build.0 = Release|Any CPU
		{35446F2D-16D7-4F08-8F4E-7F05D07F7797}.Release|x86.ActiveCfg = Release|Any CPU
		{35446F2D-16D7-4F08-8F4E-7F05D07F7797}.Release|x86.Build.0 = Release|Any CPU
		{13C6A24D-2506-4E07-8114-FA2032EF9A4D}.Debug|Any CPU.ActiveCfg = Debug|Any CPU
		{13C6A24D-2506-4E07-8114-FA2032EF9A4D}.Debug|Any CPU.Build.0 = Debug|Any CPU
		{13C6A24D-2506-4E07-8114-FA2032EF9A4D}.Debug|ARM.ActiveCfg = Debug|Any CPU
		{13C6A24D-2506-4E07-8114-FA2032EF9A4D}.Debug|ARM.Build.0 = Debug|Any CPU
		{13C6A24D-2506-4E07-8114-FA2032EF9A4D}.Debug|ARM64.ActiveCfg = Debug|Any CPU
		{13C6A24D-2506-4E07-8114-FA2032EF9A4D}.Debug|ARM64.Build.0 = Debug|Any CPU
		{13C6A24D-2506-4E07-8114-FA2032EF9A4D}.Debug|x64.ActiveCfg = Debug|Any CPU
		{13C6A24D-2506-4E07-8114-FA2032EF9A4D}.Debug|x64.Build.0 = Debug|Any CPU
		{13C6A24D-2506-4E07-8114-FA2032EF9A4D}.Debug|x86.ActiveCfg = Debug|Any CPU
		{13C6A24D-2506-4E07-8114-FA2032EF9A4D}.Debug|x86.Build.0 = Debug|Any CPU
		{13C6A24D-2506-4E07-8114-FA2032EF9A4D}.Release|Any CPU.ActiveCfg = Release|Any CPU
		{13C6A24D-2506-4E07-8114-FA2032EF9A4D}.Release|Any CPU.Build.0 = Release|Any CPU
		{13C6A24D-2506-4E07-8114-FA2032EF9A4D}.Release|ARM.ActiveCfg = Release|Any CPU
		{13C6A24D-2506-4E07-8114-FA2032EF9A4D}.Release|ARM.Build.0 = Release|Any CPU
		{13C6A24D-2506-4E07-8114-FA2032EF9A4D}.Release|ARM64.ActiveCfg = Release|Any CPU
		{13C6A24D-2506-4E07-8114-FA2032EF9A4D}.Release|ARM64.Build.0 = Release|Any CPU
		{13C6A24D-2506-4E07-8114-FA2032EF9A4D}.Release|x64.ActiveCfg = Release|Any CPU
		{13C6A24D-2506-4E07-8114-FA2032EF9A4D}.Release|x64.Build.0 = Release|Any CPU
		{13C6A24D-2506-4E07-8114-FA2032EF9A4D}.Release|x86.ActiveCfg = Release|Any CPU
		{13C6A24D-2506-4E07-8114-FA2032EF9A4D}.Release|x86.Build.0 = Release|Any CPU
		{614A8123-D59F-4D1E-82A4-C622EAE601CE}.Debug|Any CPU.ActiveCfg = Debug|Any CPU
		{614A8123-D59F-4D1E-82A4-C622EAE601CE}.Debug|Any CPU.Build.0 = Debug|Any CPU
		{614A8123-D59F-4D1E-82A4-C622EAE601CE}.Debug|ARM.ActiveCfg = Debug|Any CPU
		{614A8123-D59F-4D1E-82A4-C622EAE601CE}.Debug|ARM.Build.0 = Debug|Any CPU
		{614A8123-D59F-4D1E-82A4-C622EAE601CE}.Debug|ARM64.ActiveCfg = Debug|Any CPU
		{614A8123-D59F-4D1E-82A4-C622EAE601CE}.Debug|ARM64.Build.0 = Debug|Any CPU
		{614A8123-D59F-4D1E-82A4-C622EAE601CE}.Debug|x64.ActiveCfg = Debug|Any CPU
		{614A8123-D59F-4D1E-82A4-C622EAE601CE}.Debug|x64.Build.0 = Debug|Any CPU
		{614A8123-D59F-4D1E-82A4-C622EAE601CE}.Debug|x86.ActiveCfg = Debug|Any CPU
		{614A8123-D59F-4D1E-82A4-C622EAE601CE}.Debug|x86.Build.0 = Debug|Any CPU
		{614A8123-D59F-4D1E-82A4-C622EAE601CE}.Release|Any CPU.ActiveCfg = Release|Any CPU
		{614A8123-D59F-4D1E-82A4-C622EAE601CE}.Release|Any CPU.Build.0 = Release|Any CPU
		{614A8123-D59F-4D1E-82A4-C622EAE601CE}.Release|ARM.ActiveCfg = Release|Any CPU
		{614A8123-D59F-4D1E-82A4-C622EAE601CE}.Release|ARM.Build.0 = Release|Any CPU
		{614A8123-D59F-4D1E-82A4-C622EAE601CE}.Release|ARM64.ActiveCfg = Release|Any CPU
		{614A8123-D59F-4D1E-82A4-C622EAE601CE}.Release|ARM64.Build.0 = Release|Any CPU
		{614A8123-D59F-4D1E-82A4-C622EAE601CE}.Release|x64.ActiveCfg = Release|Any CPU
		{614A8123-D59F-4D1E-82A4-C622EAE601CE}.Release|x64.Build.0 = Release|Any CPU
		{614A8123-D59F-4D1E-82A4-C622EAE601CE}.Release|x86.ActiveCfg = Release|Any CPU
		{614A8123-D59F-4D1E-82A4-C622EAE601CE}.Release|x86.Build.0 = Release|Any CPU
		{BC760B10-7E06-43B5-8845-27837BA8797A}.Debug|Any CPU.ActiveCfg = Debug|Any CPU
		{BC760B10-7E06-43B5-8845-27837BA8797A}.Debug|Any CPU.Build.0 = Debug|Any CPU
		{BC760B10-7E06-43B5-8845-27837BA8797A}.Debug|ARM.ActiveCfg = Debug|Any CPU
		{BC760B10-7E06-43B5-8845-27837BA8797A}.Debug|ARM.Build.0 = Debug|Any CPU
		{BC760B10-7E06-43B5-8845-27837BA8797A}.Debug|ARM64.ActiveCfg = Debug|Any CPU
		{BC760B10-7E06-43B5-8845-27837BA8797A}.Debug|ARM64.Build.0 = Debug|Any CPU
		{BC760B10-7E06-43B5-8845-27837BA8797A}.Debug|x64.ActiveCfg = Debug|Any CPU
		{BC760B10-7E06-43B5-8845-27837BA8797A}.Debug|x64.Build.0 = Debug|Any CPU
		{BC760B10-7E06-43B5-8845-27837BA8797A}.Debug|x86.ActiveCfg = Debug|Any CPU
		{BC760B10-7E06-43B5-8845-27837BA8797A}.Debug|x86.Build.0 = Debug|Any CPU
		{BC760B10-7E06-43B5-8845-27837BA8797A}.Release|Any CPU.ActiveCfg = Release|Any CPU
		{BC760B10-7E06-43B5-8845-27837BA8797A}.Release|Any CPU.Build.0 = Release|Any CPU
		{BC760B10-7E06-43B5-8845-27837BA8797A}.Release|ARM.ActiveCfg = Release|Any CPU
		{BC760B10-7E06-43B5-8845-27837BA8797A}.Release|ARM.Build.0 = Release|Any CPU
		{BC760B10-7E06-43B5-8845-27837BA8797A}.Release|ARM64.ActiveCfg = Release|Any CPU
		{BC760B10-7E06-43B5-8845-27837BA8797A}.Release|ARM64.Build.0 = Release|Any CPU
		{BC760B10-7E06-43B5-8845-27837BA8797A}.Release|x64.ActiveCfg = Release|Any CPU
		{BC760B10-7E06-43B5-8845-27837BA8797A}.Release|x64.Build.0 = Release|Any CPU
		{BC760B10-7E06-43B5-8845-27837BA8797A}.Release|x86.ActiveCfg = Release|Any CPU
		{BC760B10-7E06-43B5-8845-27837BA8797A}.Release|x86.Build.0 = Release|Any CPU
		{E18F1822-30EA-4C74-9F0C-DCFE85B3AF69}.Debug|Any CPU.ActiveCfg = Debug|Any CPU
		{E18F1822-30EA-4C74-9F0C-DCFE85B3AF69}.Debug|Any CPU.Build.0 = Debug|Any CPU
		{E18F1822-30EA-4C74-9F0C-DCFE85B3AF69}.Debug|ARM.ActiveCfg = Debug|Any CPU
		{E18F1822-30EA-4C74-9F0C-DCFE85B3AF69}.Debug|ARM.Build.0 = Debug|Any CPU
		{E18F1822-30EA-4C74-9F0C-DCFE85B3AF69}.Debug|ARM64.ActiveCfg = Debug|Any CPU
		{E18F1822-30EA-4C74-9F0C-DCFE85B3AF69}.Debug|ARM64.Build.0 = Debug|Any CPU
		{E18F1822-30EA-4C74-9F0C-DCFE85B3AF69}.Debug|x64.ActiveCfg = Debug|Any CPU
		{E18F1822-30EA-4C74-9F0C-DCFE85B3AF69}.Debug|x64.Build.0 = Debug|Any CPU
		{E18F1822-30EA-4C74-9F0C-DCFE85B3AF69}.Debug|x86.ActiveCfg = Debug|Any CPU
		{E18F1822-30EA-4C74-9F0C-DCFE85B3AF69}.Debug|x86.Build.0 = Debug|Any CPU
		{E18F1822-30EA-4C74-9F0C-DCFE85B3AF69}.Release|Any CPU.ActiveCfg = Release|Any CPU
		{E18F1822-30EA-4C74-9F0C-DCFE85B3AF69}.Release|Any CPU.Build.0 = Release|Any CPU
		{E18F1822-30EA-4C74-9F0C-DCFE85B3AF69}.Release|ARM.ActiveCfg = Release|Any CPU
		{E18F1822-30EA-4C74-9F0C-DCFE85B3AF69}.Release|ARM.Build.0 = Release|Any CPU
		{E18F1822-30EA-4C74-9F0C-DCFE85B3AF69}.Release|ARM64.ActiveCfg = Release|Any CPU
		{E18F1822-30EA-4C74-9F0C-DCFE85B3AF69}.Release|ARM64.Build.0 = Release|Any CPU
		{E18F1822-30EA-4C74-9F0C-DCFE85B3AF69}.Release|x64.ActiveCfg = Release|Any CPU
		{E18F1822-30EA-4C74-9F0C-DCFE85B3AF69}.Release|x64.Build.0 = Release|Any CPU
		{E18F1822-30EA-4C74-9F0C-DCFE85B3AF69}.Release|x86.ActiveCfg = Release|Any CPU
		{E18F1822-30EA-4C74-9F0C-DCFE85B3AF69}.Release|x86.Build.0 = Release|Any CPU
		{D2B60433-9197-4308-B3A0-65B2571D844C}.Debug|Any CPU.ActiveCfg = Debug|Any CPU
		{D2B60433-9197-4308-B3A0-65B2571D844C}.Debug|Any CPU.Build.0 = Debug|Any CPU
		{D2B60433-9197-4308-B3A0-65B2571D844C}.Debug|ARM.ActiveCfg = Debug|Any CPU
		{D2B60433-9197-4308-B3A0-65B2571D844C}.Debug|ARM.Build.0 = Debug|Any CPU
		{D2B60433-9197-4308-B3A0-65B2571D844C}.Debug|ARM64.ActiveCfg = Debug|Any CPU
		{D2B60433-9197-4308-B3A0-65B2571D844C}.Debug|ARM64.Build.0 = Debug|Any CPU
		{D2B60433-9197-4308-B3A0-65B2571D844C}.Debug|x64.ActiveCfg = Debug|Any CPU
		{D2B60433-9197-4308-B3A0-65B2571D844C}.Debug|x64.Build.0 = Debug|Any CPU
		{D2B60433-9197-4308-B3A0-65B2571D844C}.Debug|x86.ActiveCfg = Debug|Any CPU
		{D2B60433-9197-4308-B3A0-65B2571D844C}.Debug|x86.Build.0 = Debug|Any CPU
		{D2B60433-9197-4308-B3A0-65B2571D844C}.Release|Any CPU.ActiveCfg = Release|Any CPU
		{D2B60433-9197-4308-B3A0-65B2571D844C}.Release|Any CPU.Build.0 = Release|Any CPU
		{D2B60433-9197-4308-B3A0-65B2571D844C}.Release|ARM.ActiveCfg = Release|Any CPU
		{D2B60433-9197-4308-B3A0-65B2571D844C}.Release|ARM.Build.0 = Release|Any CPU
		{D2B60433-9197-4308-B3A0-65B2571D844C}.Release|ARM64.ActiveCfg = Release|Any CPU
		{D2B60433-9197-4308-B3A0-65B2571D844C}.Release|ARM64.Build.0 = Release|Any CPU
		{D2B60433-9197-4308-B3A0-65B2571D844C}.Release|x64.ActiveCfg = Release|Any CPU
		{D2B60433-9197-4308-B3A0-65B2571D844C}.Release|x64.Build.0 = Release|Any CPU
		{D2B60433-9197-4308-B3A0-65B2571D844C}.Release|x86.ActiveCfg = Release|Any CPU
		{D2B60433-9197-4308-B3A0-65B2571D844C}.Release|x86.Build.0 = Release|Any CPU
		{DCF446E6-39E0-4048-81F6-25C99C633F54}.Debug|Any CPU.ActiveCfg = Debug|Any CPU
		{DCF446E6-39E0-4048-81F6-25C99C633F54}.Debug|Any CPU.Build.0 = Debug|Any CPU
		{DCF446E6-39E0-4048-81F6-25C99C633F54}.Debug|ARM.ActiveCfg = Debug|Any CPU
		{DCF446E6-39E0-4048-81F6-25C99C633F54}.Debug|ARM.Build.0 = Debug|Any CPU
		{DCF446E6-39E0-4048-81F6-25C99C633F54}.Debug|ARM64.ActiveCfg = Debug|Any CPU
		{DCF446E6-39E0-4048-81F6-25C99C633F54}.Debug|ARM64.Build.0 = Debug|Any CPU
		{DCF446E6-39E0-4048-81F6-25C99C633F54}.Debug|x64.ActiveCfg = Debug|Any CPU
		{DCF446E6-39E0-4048-81F6-25C99C633F54}.Debug|x64.Build.0 = Debug|Any CPU
		{DCF446E6-39E0-4048-81F6-25C99C633F54}.Debug|x86.ActiveCfg = Debug|Any CPU
		{DCF446E6-39E0-4048-81F6-25C99C633F54}.Debug|x86.Build.0 = Debug|Any CPU
		{DCF446E6-39E0-4048-81F6-25C99C633F54}.Release|Any CPU.ActiveCfg = Release|Any CPU
		{DCF446E6-39E0-4048-81F6-25C99C633F54}.Release|Any CPU.Build.0 = Release|Any CPU
		{DCF446E6-39E0-4048-81F6-25C99C633F54}.Release|ARM.ActiveCfg = Release|Any CPU
		{DCF446E6-39E0-4048-81F6-25C99C633F54}.Release|ARM.Build.0 = Release|Any CPU
		{DCF446E6-39E0-4048-81F6-25C99C633F54}.Release|ARM64.ActiveCfg = Release|Any CPU
		{DCF446E6-39E0-4048-81F6-25C99C633F54}.Release|ARM64.Build.0 = Release|Any CPU
		{DCF446E6-39E0-4048-81F6-25C99C633F54}.Release|x64.ActiveCfg = Release|Any CPU
		{DCF446E6-39E0-4048-81F6-25C99C633F54}.Release|x64.Build.0 = Release|Any CPU
		{DCF446E6-39E0-4048-81F6-25C99C633F54}.Release|x86.ActiveCfg = Release|Any CPU
		{DCF446E6-39E0-4048-81F6-25C99C633F54}.Release|x86.Build.0 = Release|Any CPU
		{FC48E089-6935-4547-930E-FE23D4AD7BE5}.Debug|Any CPU.ActiveCfg = Debug|Any CPU
		{FC48E089-6935-4547-930E-FE23D4AD7BE5}.Debug|Any CPU.Build.0 = Debug|Any CPU
		{FC48E089-6935-4547-930E-FE23D4AD7BE5}.Debug|ARM.ActiveCfg = Debug|Any CPU
		{FC48E089-6935-4547-930E-FE23D4AD7BE5}.Debug|ARM.Build.0 = Debug|Any CPU
		{FC48E089-6935-4547-930E-FE23D4AD7BE5}.Debug|ARM64.ActiveCfg = Debug|Any CPU
		{FC48E089-6935-4547-930E-FE23D4AD7BE5}.Debug|ARM64.Build.0 = Debug|Any CPU
		{FC48E089-6935-4547-930E-FE23D4AD7BE5}.Debug|x64.ActiveCfg = Debug|Any CPU
		{FC48E089-6935-4547-930E-FE23D4AD7BE5}.Debug|x64.Build.0 = Debug|Any CPU
		{FC48E089-6935-4547-930E-FE23D4AD7BE5}.Debug|x86.ActiveCfg = Debug|Any CPU
		{FC48E089-6935-4547-930E-FE23D4AD7BE5}.Debug|x86.Build.0 = Debug|Any CPU
		{FC48E089-6935-4547-930E-FE23D4AD7BE5}.Release|Any CPU.ActiveCfg = Release|Any CPU
		{FC48E089-6935-4547-930E-FE23D4AD7BE5}.Release|Any CPU.Build.0 = Release|Any CPU
		{FC48E089-6935-4547-930E-FE23D4AD7BE5}.Release|ARM.ActiveCfg = Release|Any CPU
		{FC48E089-6935-4547-930E-FE23D4AD7BE5}.Release|ARM.Build.0 = Release|Any CPU
		{FC48E089-6935-4547-930E-FE23D4AD7BE5}.Release|ARM64.ActiveCfg = Release|Any CPU
		{FC48E089-6935-4547-930E-FE23D4AD7BE5}.Release|ARM64.Build.0 = Release|Any CPU
		{FC48E089-6935-4547-930E-FE23D4AD7BE5}.Release|x64.ActiveCfg = Release|Any CPU
		{FC48E089-6935-4547-930E-FE23D4AD7BE5}.Release|x64.Build.0 = Release|Any CPU
		{FC48E089-6935-4547-930E-FE23D4AD7BE5}.Release|x86.ActiveCfg = Release|Any CPU
		{FC48E089-6935-4547-930E-FE23D4AD7BE5}.Release|x86.Build.0 = Release|Any CPU
		{0536B61A-90CF-428D-B4F8-CF011B3A0830}.Debug|Any CPU.ActiveCfg = Debug|Any CPU
		{0536B61A-90CF-428D-B4F8-CF011B3A0830}.Debug|Any CPU.Build.0 = Debug|Any CPU
		{0536B61A-90CF-428D-B4F8-CF011B3A0830}.Debug|Any CPU.Deploy.0 = Debug|Any CPU
		{0536B61A-90CF-428D-B4F8-CF011B3A0830}.Debug|ARM.ActiveCfg = Debug|Any CPU
		{0536B61A-90CF-428D-B4F8-CF011B3A0830}.Debug|ARM.Build.0 = Debug|Any CPU
		{0536B61A-90CF-428D-B4F8-CF011B3A0830}.Debug|ARM.Deploy.0 = Debug|Any CPU
		{0536B61A-90CF-428D-B4F8-CF011B3A0830}.Debug|ARM64.ActiveCfg = Debug|Any CPU
		{0536B61A-90CF-428D-B4F8-CF011B3A0830}.Debug|ARM64.Build.0 = Debug|Any CPU
		{0536B61A-90CF-428D-B4F8-CF011B3A0830}.Debug|ARM64.Deploy.0 = Debug|Any CPU
		{0536B61A-90CF-428D-B4F8-CF011B3A0830}.Debug|x64.ActiveCfg = Debug|x64
		{0536B61A-90CF-428D-B4F8-CF011B3A0830}.Debug|x64.Build.0 = Debug|x64
		{0536B61A-90CF-428D-B4F8-CF011B3A0830}.Debug|x64.Deploy.0 = Debug|x64
		{0536B61A-90CF-428D-B4F8-CF011B3A0830}.Debug|x86.ActiveCfg = Debug|x86
		{0536B61A-90CF-428D-B4F8-CF011B3A0830}.Debug|x86.Build.0 = Debug|x86
		{0536B61A-90CF-428D-B4F8-CF011B3A0830}.Debug|x86.Deploy.0 = Debug|x86
		{0536B61A-90CF-428D-B4F8-CF011B3A0830}.Release|Any CPU.ActiveCfg = Release|Any CPU
		{0536B61A-90CF-428D-B4F8-CF011B3A0830}.Release|Any CPU.Build.0 = Release|Any CPU
		{0536B61A-90CF-428D-B4F8-CF011B3A0830}.Release|Any CPU.Deploy.0 = Release|Any CPU
		{0536B61A-90CF-428D-B4F8-CF011B3A0830}.Release|ARM.ActiveCfg = Release|Any CPU
		{0536B61A-90CF-428D-B4F8-CF011B3A0830}.Release|ARM.Build.0 = Release|Any CPU
		{0536B61A-90CF-428D-B4F8-CF011B3A0830}.Release|ARM.Deploy.0 = Release|Any CPU
		{0536B61A-90CF-428D-B4F8-CF011B3A0830}.Release|ARM64.ActiveCfg = Release|Any CPU
		{0536B61A-90CF-428D-B4F8-CF011B3A0830}.Release|ARM64.Build.0 = Release|Any CPU
		{0536B61A-90CF-428D-B4F8-CF011B3A0830}.Release|ARM64.Deploy.0 = Release|Any CPU
		{0536B61A-90CF-428D-B4F8-CF011B3A0830}.Release|x64.ActiveCfg = Release|x64
		{0536B61A-90CF-428D-B4F8-CF011B3A0830}.Release|x64.Build.0 = Release|x64
		{0536B61A-90CF-428D-B4F8-CF011B3A0830}.Release|x64.Deploy.0 = Release|x64
		{0536B61A-90CF-428D-B4F8-CF011B3A0830}.Release|x86.ActiveCfg = Release|x86
		{0536B61A-90CF-428D-B4F8-CF011B3A0830}.Release|x86.Build.0 = Release|x86
		{0536B61A-90CF-428D-B4F8-CF011B3A0830}.Release|x86.Deploy.0 = Release|x86
		{03851EC5-6CBE-4383-85F1-56E845C039DD}.Debug|Any CPU.ActiveCfg = Debug|Any CPU
		{03851EC5-6CBE-4383-85F1-56E845C039DD}.Debug|Any CPU.Build.0 = Debug|Any CPU
		{03851EC5-6CBE-4383-85F1-56E845C039DD}.Debug|ARM.ActiveCfg = Debug|Any CPU
		{03851EC5-6CBE-4383-85F1-56E845C039DD}.Debug|ARM.Build.0 = Debug|Any CPU
		{03851EC5-6CBE-4383-85F1-56E845C039DD}.Debug|ARM64.ActiveCfg = Debug|Any CPU
		{03851EC5-6CBE-4383-85F1-56E845C039DD}.Debug|ARM64.Build.0 = Debug|Any CPU
		{03851EC5-6CBE-4383-85F1-56E845C039DD}.Debug|x64.ActiveCfg = Release|Any CPU
		{03851EC5-6CBE-4383-85F1-56E845C039DD}.Debug|x64.Build.0 = Release|Any CPU
		{03851EC5-6CBE-4383-85F1-56E845C039DD}.Debug|x86.ActiveCfg = Debug|x86
		{03851EC5-6CBE-4383-85F1-56E845C039DD}.Debug|x86.Build.0 = Debug|x86
		{03851EC5-6CBE-4383-85F1-56E845C039DD}.Release|Any CPU.ActiveCfg = Release|Any CPU
		{03851EC5-6CBE-4383-85F1-56E845C039DD}.Release|Any CPU.Build.0 = Release|Any CPU
		{03851EC5-6CBE-4383-85F1-56E845C039DD}.Release|ARM.ActiveCfg = Release|Any CPU
		{03851EC5-6CBE-4383-85F1-56E845C039DD}.Release|ARM.Build.0 = Release|Any CPU
		{03851EC5-6CBE-4383-85F1-56E845C039DD}.Release|ARM64.ActiveCfg = Release|Any CPU
		{03851EC5-6CBE-4383-85F1-56E845C039DD}.Release|ARM64.Build.0 = Release|Any CPU
		{03851EC5-6CBE-4383-85F1-56E845C039DD}.Release|x64.ActiveCfg = Release|x64
		{03851EC5-6CBE-4383-85F1-56E845C039DD}.Release|x64.Build.0 = Release|x64
		{03851EC5-6CBE-4383-85F1-56E845C039DD}.Release|x86.ActiveCfg = Release|x86
		{03851EC5-6CBE-4383-85F1-56E845C039DD}.Release|x86.Build.0 = Release|x86
	EndGlobalSection
	GlobalSection(SolutionProperties) = preSolution
		HideSolutionNode = FALSE
	EndGlobalSection
	GlobalSection(ExtensibilityGlobals) = postSolution
		SolutionGuid = {05F66476-A4B5-490F-996F-FF86E0C702F7}
	EndGlobalSection
EndGlobal
